<?xml version="1.0" encoding="utf-8"?>
<Project ToolsVersion="4.0" xmlns="http://schemas.microsoft.com/developer/msbuild/2003">
  <ItemGroup>
    <Filter Include="include">
      <UniqueIdentifier>{96228c4d-0345-432c-9456-1044ae53b1e6}</UniqueIdentifier>
    </Filter>
    <Filter Include="src">
      <UniqueIdentifier>{8b2d2c62-c2ef-4a7a-a663-9d61bbad61c1}</UniqueIdentifier>
    </Filter>
    <Filter Include="include\api">
      <UniqueIdentifier>{7241f138-246a-4ce9-b86b-1522e925cfa8}</UniqueIdentifier>
    </Filter>
    <Filter Include="include\core">
      <UniqueIdentifier>{35448340-8b3c-4bd5-9028-8539661fdc76}</UniqueIdentifier>
    </Filter>
    <Filter Include="include\database">
      <UniqueIdentifier>{14297982-a4ea-4c7e-acf6-1182c6d99d20}</UniqueIdentifier>
    </Filter>
    <Filter Include="include\models">
      <UniqueIdentifier>{786ae7a0-359d-43ee-91b5-eec540da2e1c}</UniqueIdentifier>
    </Filter>
    <Filter Include="include\utils">
      <UniqueIdentifier>{32b0e49d-6d3b-4b6b-b517-c1b19b2e6858}</UniqueIdentifier>
    </Filter>
    <Filter Include="src\api">
      <UniqueIdentifier>{aa5748be-8be7-4ec3-b062-a8ea83fd1527}</UniqueIdentifier>
    </Filter>
    <Filter Include="src\core">
      <UniqueIdentifier>{72556e59-415e-4bc5-9359-858d8fd2b73f}</UniqueIdentifier>
    </Filter>
    <Filter Include="src\database">
      <UniqueIdentifier>{a28e7f5b-7b24-4570-93ee-acf52c6e2dd1}</UniqueIdentifier>
    </Filter>
    <Filter Include="src\models">
      <UniqueIdentifier>{a0904bd3-a579-4750-a409-99210b77f867}</UniqueIdentifier>
    </Filter>
    <Filter Include="src\utils">
      <UniqueIdentifier>{c9833af7-9669-49f7-8a09-b6172510ebbe}</UniqueIdentifier>
    </Filter>
  </ItemGroup>
  <ItemGroup>
    <ClInclude Include="include\api\crow.h">
      <Filter>include\api</Filter>
    </ClInclude>
    <ClInclude Include="include\utils\MLSTimer.h">
      <Filter>include\utils</Filter>
    </ClInclude>
    <ClInclude Include="include\core\MLS_config.h">
      <Filter>include\core</Filter>
    </ClInclude>
    <ClInclude Include="include\database\MySQLOperator.h">
      <Filter>include\database</Filter>
    </ClInclude>
    <ClInclude Include="include\models\KT.h">
      <Filter>include\models</Filter>
    </ClInclude>
  </ItemGroup>
  <ItemGroup>
    <ClCompile Include="src\main.cpp">
      <Filter>src</Filter>
    </ClCompile>
    <ClCompile Include="src\models\KT.cpp">
      <Filter>src\models</Filter>
    </ClCompile>
    <ClCompile Include="src\utils\MLSTimer.cpp">
      <Filter>src\utils</Filter>
    </ClCompile>
    <ClCompile Include="src\database\MySQLOperator.cpp">
      <Filter>src\database</Filter>
    </ClCompile>
  </ItemGroup>
</Project>